
Microsoft Visual Studio Solution File, Format Version 12.00
# Visual Studio Version 17
VisualStudioVersion = 17.8.34330.188
MinimumVisualStudioVersion = 10.0.40219.1
Project("{00D1A9C2-B5F0-4AF3-8072-F6C62B433612}") = "RMData", "RMData\RMData.sqlproj", "{D078CE5A-FCA4-46F6-8383-71065AA8050C}"
EndProject
Project("{9A19103F-16F7-4668-BE54-9A1E7A4F7556}") = "RMDesktopUI", "RMDesktopUI\RMDesktopUI.csproj", "{6927F444-7F22-49F8-96B5-42FB80D3FF0F}"
EndProject
Project("{9A19103F-16F7-4668-BE54-9A1E7A4F7556}") = "RMDataManager.Library", "RMDataManager.Library\RMDataManager.Library.csproj", "{146958DB-880A-44CA-99BA-CEFEDB1B5068}"
EndProject
Project("{9A19103F-16F7-4668-BE54-9A1E7A4F7556}") = "RMDesktopUI.Library", "RMDesktopUI.Library\RMDesktopUI.Library.csproj", "{303270BB-12D8-4290-8764-454E8F42B084}"
EndProject
Project("{2150E333-8FDC-42A3-9474-1A3956D46DE8}") = "Database", "Database", "{F3E3C0FD-3C41-4C3C-83E8-124514C1FAB1}"
EndProject
Project("{2150E333-8FDC-42A3-9474-1A3956D46DE8}") = "API", "API", "{47852025-C66B-4BC0-941C-66580D98AE1F}"
EndProject
Project("{2150E333-8FDC-42A3-9474-1A3956D46DE8}") = "WPF", "WPF", "{A73F59F0-F212-4CD5-84F3-0A1EC19160AD}"
EndProject
Project("{9A19103F-16F7-4668-BE54-9A1E7A4F7556}") = "RMApi", "RMApi\RMApi.csproj", "{47DF49BF-4E1B-4DAB-BE1B-0C0E94E87A43}"
EndProject
Global
	GlobalSection(SolutionConfigurationPlatforms) = preSolution
		Debug|Any CPU = Debug|Any CPU
		Release|Any CPU = Release|Any CPU
	EndGlobalSection
	GlobalSection(ProjectConfigurationPlatforms) = postSolution
		{D078CE5A-FCA4-46F6-8383-71065AA8050C}.Debug|Any CPU.ActiveCfg = Debug|Any CPU
		{D078CE5A-FCA4-46F6-8383-71065AA8050C}.Debug|Any CPU.Build.0 = Debug|Any CPU
		{D078CE5A-FCA4-46F6-8383-71065AA8050C}.Debug|Any CPU.Deploy.0 = Debug|Any CPU
		{D078CE5A-FCA4-46F6-8383-71065AA8050C}.Release|Any CPU.ActiveCfg = Release|Any CPU
		{D078CE5A-FCA4-46F6-8383-71065AA8050C}.Release|Any CPU.Build.0 = Release|Any CPU
		{D078CE5A-FCA4-46F6-8383-71065AA8050C}.Release|Any CPU.Deploy.0 = Release|Any CPU
		{6927F444-7F22-49F8-96B5-42FB80D3FF0F}.Debug|Any CPU.ActiveCfg = Debug|Any CPU
		{6927F444-7F22-49F8-96B5-42FB80D3FF0F}.Debug|Any CPU.Build.0 = Debug|Any CPU
		{6927F444-7F22-49F8-96B5-42FB80D3FF0F}.Release|Any CPU.ActiveCfg = Release|Any CPU
		{6927F444-7F22-49F8-96B5-42FB80D3FF0F}.Release|Any CPU.Build.0 = Release|Any CPU
		{146958DB-880A-44CA-99BA-CEFEDB1B5068}.Debug|Any CPU.ActiveCfg = Debug|Any CPU
		{146958DB-880A-44CA-99BA-CEFEDB1B5068}.Debug|Any CPU.Build.0 = Debug|Any CPU
		{146958DB-880A-44CA-99BA-CEFEDB1B5068}.Release|Any CPU.ActiveCfg = Release|Any CPU
		{146958DB-880A-44CA-99BA-CEFEDB1B5068}.Release|Any CPU.Build.0 = Release|Any CPU
		{303270BB-12D8-4290-8764-454E8F42B084}.Debug|Any CPU.ActiveCfg = Debug|Any CPU
		{303270BB-12D8-4290-8764-454E8F42B084}.Debug|Any CPU.Build.0 = Debug|Any CPU
		{303270BB-12D8-4290-8764-454E8F42B084}.Release|Any CPU.ActiveCfg = Release|Any CPU
		{303270BB-12D8-4290-8764-454E8F42B084}.Release|Any CPU.Build.0 = Release|Any CPU
		{47DF49BF-4E1B-4DAB-BE1B-0C0E94E87A43}.Debug|Any CPU.ActiveCfg = Debug|Any CPU
		{47DF49BF-4E1B-4DAB-BE1B-0C0E94E87A43}.Debug|Any CPU.Build.0 = Debug|Any CPU
		{47DF49BF-4E1B-4DAB-BE1B-0C0E94E87A43}.Release|Any CPU.ActiveCfg = Release|Any CPU
		{47DF49BF-4E1B-4DAB-BE1B-0C0E94E87A43}.Release|Any CPU.Build.0 = Release|Any CPU
	EndGlobalSection
	GlobalSection(SolutionProperties) = preSolution
		HideSolutionNode = FALSE
	EndGlobalSection
	GlobalSection(NestedProjects) = preSolution
		{D078CE5A-FCA4-46F6-8383-71065AA8050C} = {F3E3C0FD-3C41-4C3C-83E8-124514C1FAB1}
		{6927F444-7F22-49F8-96B5-42FB80D3FF0F} = {A73F59F0-F212-4CD5-84F3-0A1EC19160AD}
		{146958DB-880A-44CA-99BA-CEFEDB1B5068} = {47852025-C66B-4BC0-941C-66580D98AE1F}
		{303270BB-12D8-4290-8764-454E8F42B084} = {A73F59F0-F212-4CD5-84F3-0A1EC19160AD}
		{47DF49BF-4E1B-4DAB-BE1B-0C0E94E87A43} = {47852025-C66B-4BC0-941C-66580D98AE1F}
	EndGlobalSection
	GlobalSection(ExtensibilityGlobals) = postSolution
		SolutionGuid = {C2FE0BA0-D3B4-4DA8-8ECE-B8398D8ED30B}
	EndGlobalSection
EndGlobal
